
Microsoft Visual Studio Solution File, Format Version 12.00
# Visual Studio 15
VisualStudioVersion = 15.0.27004.2005
MinimumVisualStudioVersion = 10.0.40219.1
Project("{FAE04EC0-301F-11D3-BF4B-00C04F79EFBC}") = "HuffmanLib", "HuffmanLib\HuffmanLib.csproj", "{2AD5DC13-73FB-4655-AB71-35429CC3B516}"
EndProject
Project("{FAE04EC0-301F-11D3-BF4B-00C04F79EFBC}") = "TestHuffman", "TestHuffman\TestHuffman.csproj", "{8A8854C5-0D04-431F-B262-1564B6295518}"
EndProject
Project("{FAE04EC0-301F-11D3-BF4B-00C04F79EFBC}") = "SampleHuffman", "SamleHuffman\SampleHuffman.csproj", "{AB26963F-6F4B-4BA6-9055-4C4EC746BD63}"
EndProject
Global
	GlobalSection(SolutionConfigurationPlatforms) = preSolution
		Debug|Any CPU = Debug|Any CPU
		Release|Any CPU = Release|Any CPU
	EndGlobalSection
	GlobalSection(ProjectConfigurationPlatforms) = postSolution
		{2AD5DC13-73FB-4655-AB71-35429CC3B516}.Debug|Any CPU.ActiveCfg = Debug|Any CPU
		{2AD5DC13-73FB-4655-AB71-35429CC3B516}.Debug|Any CPU.Build.0 = Debug|Any CPU
		{2AD5DC13-73FB-4655-AB71-35429CC3B516}.Release|Any CPU.ActiveCfg = Release|Any CPU
		{2AD5DC13-73FB-4655-AB71-35429CC3B516}.Release|Any CPU.Build.0 = Release|Any CPU
		{8A8854C5-0D04-431F-B262-1564B6295518}.Debug|Any CPU.ActiveCfg = Debug|Any CPU
		{8A8854C5-0D04-431F-B262-1564B6295518}.Debug|Any CPU.Build.0 = Debug|Any CPU
		{8A8854C5-0D04-431F-B262-1564B6295518}.Release|Any CPU.ActiveCfg = Release|Any CPU
		{8A8854C5-0D04-431F-B262-1564B6295518}.Release|Any CPU.Build.0 = Release|Any CPU
		{AB26963F-6F4B-4BA6-9055-4C4EC746BD63}.Debug|Any CPU.ActiveCfg = Debug|Any CPU
		{AB26963F-6F4B-4BA6-9055-4C4EC746BD63}.Debug|Any CPU.Build.0 = Debug|Any CPU
		{AB26963F-6F4B-4BA6-9055-4C4EC746BD63}.Release|Any CPU.ActiveCfg = Release|Any CPU
		{AB26963F-6F4B-4BA6-9055-4C4EC746BD63}.Release|Any CPU.Build.0 = Release|Any CPU
	EndGlobalSection
	GlobalSection(SolutionProperties) = preSolution
		HideSolutionNode = FALSE
	EndGlobalSection
	GlobalSection(ExtensibilityGlobals) = postSolution
		SolutionGuid = {854E8D42-7B9F-4222-BF14-3AB3CF430783}
	EndGlobalSection
EndGlobal
